
Microsoft Visual Studio Solution File, Format Version 12.00
# Visual Studio Version 16
VisualStudioVersion = 16.0.31005.135
MinimumVisualStudioVersion = 10.0.40219.1
Project("{9A19103F-16F7-4668-BE54-9A1E7A4F7556}") = "ATM", "ATM\ATM.csproj", "{8C06B106-3831-4B46-AB44-74E48972060F}"
EndProject
Project("{9A19103F-16F7-4668-BE54-9A1E7A4F7556}") = "Library", "Library\Library.csproj", "{082DFA0B-5CBE-4E20-9A2E-4EBC3806450E}"
EndProject
Project("{9A19103F-16F7-4668-BE54-9A1E7A4F7556}") = "Jugged_Arrays", "Jugged_Arrays\Jugged_Arrays.csproj", "{05FBDDAF-2F3F-4372-9C8A-1B2BFDC2CCEE}"
EndProject
Project("{9A19103F-16F7-4668-BE54-9A1E7A4F7556}") = "String_", "String_\String_.csproj", "{CED84082-43FE-483A-BB67-BA653B7F67DF}"
EndProject
Project("{9A19103F-16F7-4668-BE54-9A1E7A4F7556}") = "Birthday_Agency", "Birthday_Agency\Birthday_Agency.csproj", "{593BCED4-2071-4AEA-B7E5-FA51E2FCB825}"
EndProject
Project("{9A19103F-16F7-4668-BE54-9A1E7A4F7556}") = "Math", "Math\Math.csproj", "{670C30A8-AA26-4B9F-AD06-8E648F6FC6E2}"
EndProject
Project("{9A19103F-16F7-4668-BE54-9A1E7A4F7556}") = "Nullable", "Nullable\Nullable.csproj", "{68479BFA-A801-44F1-B5F5-7C658892CCD3}"
EndProject
Project("{9A19103F-16F7-4668-BE54-9A1E7A4F7556}") = "Exception_Homework", "Exception_Homework\Exception_Homework.csproj", "{11E09CC1-13B3-4519-BC3F-D295BFE7BBDD}"
EndProject
Project("{9A19103F-16F7-4668-BE54-9A1E7A4F7556}") = "Interface_Hometask", "Interface_Hometask\Interface_Hometask.csproj", "{D7CE26E2-027C-4642-AD0C-1E5B6222AE8F}"
EndProject
Project("{9A19103F-16F7-4668-BE54-9A1E7A4F7556}") = "STD_Interfaces_Hometask", "STD_Interfaces_Hometask\STD_Interfaces_Hometask.csproj", "{5AEDE0B8-2402-49B8-A660-46107A2C9DE8}"
EndProject
Project("{9A19103F-16F7-4668-BE54-9A1E7A4F7556}") = "STD_Delegates_Hometask", "STD_Delegates_Hometask\STD_Delegates_Hometask.csproj", "{8D8B1BD9-36E7-4676-85A0-D51C210CC551}"
EndProject
Project("{9A19103F-16F7-4668-BE54-9A1E7A4F7556}") = "Handler_Task", "Handler_Task\Handler_Task.csproj", "{B66F08EE-613B-4603-A3CC-4984D384B344}"
EndProject
Project("{9A19103F-16F7-4668-BE54-9A1E7A4F7556}") = "Generics_Hometask", "Generics_Hometask\Generics_Hometask.csproj", "{4903DBE8-2396-44B2-96B7-FD2B86676239}"
EndProject
Project("{9A19103F-16F7-4668-BE54-9A1E7A4F7556}") = "Delegate_Task", "Delegate_Task\Delegate_Task.csproj", "{55507B70-4B5B-4303-AF36-4ABADF00DB4A}"
EndProject
Project("{9A19103F-16F7-4668-BE54-9A1E7A4F7556}") = "Dictionary_Task", "Dictionary_Task\Dictionary_Task.csproj", "{A6F05F78-18FD-46CD-A0E5-CFDBAC1EF29D}"
EndProject
Project("{9A19103F-16F7-4668-BE54-9A1E7A4F7556}") = "LinkedList_Task", "LinkedList_Task\LinkedList_Task.csproj", "{0E0BEC28-348B-4B75-989F-1E62B96FB157}"
EndProject
Project("{9A19103F-16F7-4668-BE54-9A1E7A4F7556}") = "SortSet_Task", "SortSet_Task\SortSet_Task.csproj", "{C9BC8E0F-FB1C-462E-9A8B-41A560BE5684}"
EndProject
Project("{9A19103F-16F7-4668-BE54-9A1E7A4F7556}") = "HashSet_Demo", "HashSet_Demo\HashSet_Demo.csproj", "{842A408B-0ED1-4936-98EE-91B5A246B2E1}"
EndProject
Project("{9A19103F-16F7-4668-BE54-9A1E7A4F7556}") = "ThirdTask", "ThirdTask\ThirdTask.csproj", "{C6133FDB-3A8F-47BA-B71B-952EC17F1DFF}"
EndProject
Project("{9A19103F-16F7-4668-BE54-9A1E7A4F7556}") = "ObservableCollection_Task", "ObservableCollection_Task\ObservableCollection_Task.csproj", "{A394662C-27ED-4A29-99F1-6FF6343686E8}"
EndProject
Project("{FAE04EC0-301F-11D3-BF4B-00C04F79EFBC}") = "Queue_Task", "Queue_Task\Queue_Task.csproj", "{F128C3F3-2D08-4D05-859B-DF2704CE3D5F}"
EndProject
Global
	GlobalSection(SolutionConfigurationPlatforms) = preSolution
		Debug|Any CPU = Debug|Any CPU
		Release|Any CPU = Release|Any CPU
	EndGlobalSection
	GlobalSection(ProjectConfigurationPlatforms) = postSolution
		{8C06B106-3831-4B46-AB44-74E48972060F}.Debug|Any CPU.ActiveCfg = Debug|Any CPU
		{8C06B106-3831-4B46-AB44-74E48972060F}.Debug|Any CPU.Build.0 = Debug|Any CPU
		{8C06B106-3831-4B46-AB44-74E48972060F}.Release|Any CPU.ActiveCfg = Release|Any CPU
		{8C06B106-3831-4B46-AB44-74E48972060F}.Release|Any CPU.Build.0 = Release|Any CPU
		{082DFA0B-5CBE-4E20-9A2E-4EBC3806450E}.Debug|Any CPU.ActiveCfg = Debug|Any CPU
		{082DFA0B-5CBE-4E20-9A2E-4EBC3806450E}.Debug|Any CPU.Build.0 = Debug|Any CPU
		{082DFA0B-5CBE-4E20-9A2E-4EBC3806450E}.Release|Any CPU.ActiveCfg = Release|Any CPU
		{082DFA0B-5CBE-4E20-9A2E-4EBC3806450E}.Release|Any CPU.Build.0 = Release|Any CPU
		{05FBDDAF-2F3F-4372-9C8A-1B2BFDC2CCEE}.Debug|Any CPU.ActiveCfg = Debug|Any CPU
		{05FBDDAF-2F3F-4372-9C8A-1B2BFDC2CCEE}.Debug|Any CPU.Build.0 = Debug|Any CPU
		{05FBDDAF-2F3F-4372-9C8A-1B2BFDC2CCEE}.Release|Any CPU.ActiveCfg = Release|Any CPU
		{05FBDDAF-2F3F-4372-9C8A-1B2BFDC2CCEE}.Release|Any CPU.Build.0 = Release|Any CPU
		{CED84082-43FE-483A-BB67-BA653B7F67DF}.Debug|Any CPU.ActiveCfg = Debug|Any CPU
		{CED84082-43FE-483A-BB67-BA653B7F67DF}.Debug|Any CPU.Build.0 = Debug|Any CPU
		{CED84082-43FE-483A-BB67-BA653B7F67DF}.Release|Any CPU.ActiveCfg = Release|Any CPU
		{CED84082-43FE-483A-BB67-BA653B7F67DF}.Release|Any CPU.Build.0 = Release|Any CPU
		{593BCED4-2071-4AEA-B7E5-FA51E2FCB825}.Debug|Any CPU.ActiveCfg = Debug|Any CPU
		{593BCED4-2071-4AEA-B7E5-FA51E2FCB825}.Debug|Any CPU.Build.0 = Debug|Any CPU
		{593BCED4-2071-4AEA-B7E5-FA51E2FCB825}.Release|Any CPU.ActiveCfg = Release|Any CPU
		{593BCED4-2071-4AEA-B7E5-FA51E2FCB825}.Release|Any CPU.Build.0 = Release|Any CPU
		{670C30A8-AA26-4B9F-AD06-8E648F6FC6E2}.Debug|Any CPU.ActiveCfg = Debug|Any CPU
		{670C30A8-AA26-4B9F-AD06-8E648F6FC6E2}.Debug|Any CPU.Build.0 = Debug|Any CPU
		{670C30A8-AA26-4B9F-AD06-8E648F6FC6E2}.Release|Any CPU.ActiveCfg = Release|Any CPU
		{670C30A8-AA26-4B9F-AD06-8E648F6FC6E2}.Release|Any CPU.Build.0 = Release|Any CPU
		{68479BFA-A801-44F1-B5F5-7C658892CCD3}.Debug|Any CPU.ActiveCfg = Debug|Any CPU
		{68479BFA-A801-44F1-B5F5-7C658892CCD3}.Debug|Any CPU.Build.0 = Debug|Any CPU
		{68479BFA-A801-44F1-B5F5-7C658892CCD3}.Release|Any CPU.ActiveCfg = Release|Any CPU
		{68479BFA-A801-44F1-B5F5-7C658892CCD3}.Release|Any CPU.Build.0 = Release|Any CPU
		{11E09CC1-13B3-4519-BC3F-D295BFE7BBDD}.Debug|Any CPU.ActiveCfg = Debug|Any CPU
		{11E09CC1-13B3-4519-BC3F-D295BFE7BBDD}.Debug|Any CPU.Build.0 = Debug|Any CPU
		{11E09CC1-13B3-4519-BC3F-D295BFE7BBDD}.Release|Any CPU.ActiveCfg = Release|Any CPU
		{11E09CC1-13B3-4519-BC3F-D295BFE7BBDD}.Release|Any CPU.Build.0 = Release|Any CPU
		{D7CE26E2-027C-4642-AD0C-1E5B6222AE8F}.Debug|Any CPU.ActiveCfg = Debug|Any CPU
		{D7CE26E2-027C-4642-AD0C-1E5B6222AE8F}.Debug|Any CPU.Build.0 = Debug|Any CPU
		{D7CE26E2-027C-4642-AD0C-1E5B6222AE8F}.Release|Any CPU.ActiveCfg = Release|Any CPU
		{D7CE26E2-027C-4642-AD0C-1E5B6222AE8F}.Release|Any CPU.Build.0 = Release|Any CPU
		{5AEDE0B8-2402-49B8-A660-46107A2C9DE8}.Debug|Any CPU.ActiveCfg = Debug|Any CPU
		{5AEDE0B8-2402-49B8-A660-46107A2C9DE8}.Debug|Any CPU.Build.0 = Debug|Any CPU
		{5AEDE0B8-2402-49B8-A660-46107A2C9DE8}.Release|Any CPU.ActiveCfg = Release|Any CPU
		{5AEDE0B8-2402-49B8-A660-46107A2C9DE8}.Release|Any CPU.Build.0 = Release|Any CPU
		{8D8B1BD9-36E7-4676-85A0-D51C210CC551}.Debug|Any CPU.ActiveCfg = Debug|Any CPU
		{8D8B1BD9-36E7-4676-85A0-D51C210CC551}.Debug|Any CPU.Build.0 = Debug|Any CPU
		{8D8B1BD9-36E7-4676-85A0-D51C210CC551}.Release|Any CPU.ActiveCfg = Release|Any CPU
		{8D8B1BD9-36E7-4676-85A0-D51C210CC551}.Release|Any CPU.Build.0 = Release|Any CPU
		{B66F08EE-613B-4603-A3CC-4984D384B344}.Debug|Any CPU.ActiveCfg = Debug|Any CPU
		{B66F08EE-613B-4603-A3CC-4984D384B344}.Debug|Any CPU.Build.0 = Debug|Any CPU
		{B66F08EE-613B-4603-A3CC-4984D384B344}.Release|Any CPU.ActiveCfg = Release|Any CPU
		{B66F08EE-613B-4603-A3CC-4984D384B344}.Release|Any CPU.Build.0 = Release|Any CPU
		{4903DBE8-2396-44B2-96B7-FD2B86676239}.Debug|Any CPU.ActiveCfg = Debug|Any CPU
		{4903DBE8-2396-44B2-96B7-FD2B86676239}.Debug|Any CPU.Build.0 = Debug|Any CPU
		{4903DBE8-2396-44B2-96B7-FD2B86676239}.Release|Any CPU.ActiveCfg = Release|Any CPU
		{4903DBE8-2396-44B2-96B7-FD2B86676239}.Release|Any CPU.Build.0 = Release|Any CPU
		{55507B70-4B5B-4303-AF36-4ABADF00DB4A}.Debug|Any CPU.ActiveCfg = Debug|Any CPU
		{55507B70-4B5B-4303-AF36-4ABADF00DB4A}.Debug|Any CPU.Build.0 = Debug|Any CPU
		{55507B70-4B5B-4303-AF36-4ABADF00DB4A}.Release|Any CPU.ActiveCfg = Release|Any CPU
		{55507B70-4B5B-4303-AF36-4ABADF00DB4A}.Release|Any CPU.Build.0 = Release|Any CPU
		{A6F05F78-18FD-46CD-A0E5-CFDBAC1EF29D}.Debug|Any CPU.ActiveCfg = Debug|Any CPU
		{A6F05F78-18FD-46CD-A0E5-CFDBAC1EF29D}.Debug|Any CPU.Build.0 = Debug|Any CPU
		{A6F05F78-18FD-46CD-A0E5-CFDBAC1EF29D}.Release|Any CPU.ActiveCfg = Release|Any CPU
		{A6F05F78-18FD-46CD-A0E5-CFDBAC1EF29D}.Release|Any CPU.Build.0 = Release|Any CPU
		{0E0BEC28-348B-4B75-989F-1E62B96FB157}.Debug|Any CPU.ActiveCfg = Debug|Any CPU
		{0E0BEC28-348B-4B75-989F-1E62B96FB157}.Debug|Any CPU.Build.0 = Debug|Any CPU
		{0E0BEC28-348B-4B75-989F-1E62B96FB157}.Release|Any CPU.ActiveCfg = Release|Any CPU
		{0E0BEC28-348B-4B75-989F-1E62B96FB157}.Release|Any CPU.Build.0 = Release|Any CPU
		{C9BC8E0F-FB1C-462E-9A8B-41A560BE5684}.Debug|Any CPU.ActiveCfg = Debug|Any CPU
		{C9BC8E0F-FB1C-462E-9A8B-41A560BE5684}.Debug|Any CPU.Build.0 = Debug|Any CPU
		{C9BC8E0F-FB1C-462E-9A8B-41A560BE5684}.Release|Any CPU.ActiveCfg = Release|Any CPU
		{C9BC8E0F-FB1C-462E-9A8B-41A560BE5684}.Release|Any CPU.Build.0 = Release|Any CPU
		{842A408B-0ED1-4936-98EE-91B5A246B2E1}.Debug|Any CPU.ActiveCfg = Debug|Any CPU
		{842A408B-0ED1-4936-98EE-91B5A246B2E1}.Debug|Any CPU.Build.0 = Debug|Any CPU
		{842A408B-0ED1-4936-98EE-91B5A246B2E1}.Release|Any CPU.ActiveCfg = Release|Any CPU
		{842A408B-0ED1-4936-98EE-91B5A246B2E1}.Release|Any CPU.Build.0 = Release|Any CPU
		{C6133FDB-3A8F-47BA-B71B-952EC17F1DFF}.Debug|Any CPU.ActiveCfg = Debug|Any CPU
		{C6133FDB-3A8F-47BA-B71B-952EC17F1DFF}.Debug|Any CPU.Build.0 = Debug|Any CPU
		{C6133FDB-3A8F-47BA-B71B-952EC17F1DFF}.Release|Any CPU.ActiveCfg = Release|Any CPU
		{C6133FDB-3A8F-47BA-B71B-952EC17F1DFF}.Release|Any CPU.Build.0 = Release|Any CPU
		{A394662C-27ED-4A29-99F1-6FF6343686E8}.Debug|Any CPU.ActiveCfg = Debug|Any CPU
		{A394662C-27ED-4A29-99F1-6FF6343686E8}.Debug|Any CPU.Build.0 = Debug|Any CPU
		{A394662C-27ED-4A29-99F1-6FF6343686E8}.Release|Any CPU.ActiveCfg = Release|Any CPU
		{A394662C-27ED-4A29-99F1-6FF6343686E8}.Release|Any CPU.Build.0 = Release|Any CPU
		{F128C3F3-2D08-4D05-859B-DF2704CE3D5F}.Debug|Any CPU.ActiveCfg = Debug|Any CPU
		{F128C3F3-2D08-4D05-859B-DF2704CE3D5F}.Debug|Any CPU.Build.0 = Debug|Any CPU
		{F128C3F3-2D08-4D05-859B-DF2704CE3D5F}.Release|Any CPU.ActiveCfg = Release|Any CPU
		{F128C3F3-2D08-4D05-859B-DF2704CE3D5F}.Release|Any CPU.Build.0 = Release|Any CPU
	EndGlobalSection
	GlobalSection(SolutionProperties) = preSolution
		HideSolutionNode = FALSE
	EndGlobalSection
	GlobalSection(ExtensibilityGlobals) = postSolution
		SolutionGuid = {179C5DAF-FE9A-427F-B284-D74F9501704A}
	EndGlobalSection
EndGlobal
